
Microsoft Visual Studio Solution File, Format Version 12.00
# Visual Studio Express 2012 for Windows Desktop
Project("{FAE04EC0-301F-11D3-BF4B-00C04F79EFBC}") = "meetup-rsvp", "meetup-rsvp\meetup-rsvp.csproj", "{C1718CE2-16AE-4A43-AF06-26363421480D}"
EndProject
Global
	GlobalSection(SolutionConfigurationPlatforms) = preSolution
		Debug|Any CPU = Debug|Any CPU
		Release|Any CPU = Release|Any CPU
	EndGlobalSection
	GlobalSection(ProjectConfigurationPlatforms) = postSolution
		{C1718CE2-16AE-4A43-AF06-26363421480D}.Debug|Any CPU.ActiveCfg = Debug|Any CPU
		{C1718CE2-16AE-4A43-AF06-26363421480D}.Debug|Any CPU.Build.0 = Debug|Any CPU
		{C1718CE2-16AE-4A43-AF06-26363421480D}.Release|Any CPU.ActiveCfg = Release|Any CPU
		{C1718CE2-16AE-4A43-AF06-26363421480D}.Release|Any CPU.Build.0 = Release|Any CPU
	EndGlobalSection
	GlobalSection(SolutionProperties) = preSolution
		HideSolutionNode = FALSE
	EndGlobalSection
EndGlobal
